
Microsoft Visual Studio Solution File, Format Version 12.00
# Visual Studio Version 17
VisualStudioVersion = 17.5.002.0
MinimumVisualStudioVersion = 10.0.40219.1
Project("{9A19103F-16F7-4668-BE54-9A1E7A4F7556}") = "RestaurantRaterMVC", "RestaurantRaterMVC.csproj", "{A25B1F51-1409-4D84-A7AD-030ADD57AF5B}"
EndProject
Global
	GlobalSection(SolutionConfigurationPlatforms) = preSolution
		Debug|Any CPU = Debug|Any CPU
		Release|Any CPU = Release|Any CPU
	EndGlobalSection
	GlobalSection(ProjectConfigurationPlatforms) = postSolution
		{A25B1F51-1409-4D84-A7AD-030ADD57AF5B}.Debug|Any CPU.ActiveCfg = Debug|Any CPU
		{A25B1F51-1409-4D84-A7AD-030ADD57AF5B}.Debug|Any CPU.Build.0 = Debug|Any CPU
		{A25B1F51-1409-4D84-A7AD-030ADD57AF5B}.Release|Any CPU.ActiveCfg = Release|Any CPU
		{A25B1F51-1409-4D84-A7AD-030ADD57AF5B}.Release|Any CPU.Build.0 = Release|Any CPU
	EndGlobalSection
	GlobalSection(SolutionProperties) = preSolution
		HideSolutionNode = FALSE
	EndGlobalSection
	GlobalSection(ExtensibilityGlobals) = postSolution
		SolutionGuid = {14DC158A-DF35-4048-A3E3-C9DA016A65E2}
	EndGlobalSection
EndGlobal
